
Microsoft Visual Studio Solution File, Format Version 12.00
# Visual Studio 2013
VisualStudioVersion = 12.0.40629.0
MinimumVisualStudioVersion = 10.0.40219.1
Project("{FAE04EC0-301F-11D3-BF4B-00C04F79EFBC}") = "Vidly", "Vidly\Vidly.csproj", "{5C22BD41-5DD4-45C2-A266-E680D8F8D1EC}"
EndProject
Global
	GlobalSection(SolutionConfigurationPlatforms) = preSolution
		Debug|Any CPU = Debug|Any CPU
		Release|Any CPU = Release|Any CPU
	EndGlobalSection
	GlobalSection(ProjectConfigurationPlatforms) = postSolution
		{5C22BD41-5DD4-45C2-A266-E680D8F8D1EC}.Debug|Any CPU.ActiveCfg = Debug|Any CPU
		{5C22BD41-5DD4-45C2-A266-E680D8F8D1EC}.Debug|Any CPU.Build.0 = Debug|Any CPU
		{5C22BD41-5DD4-45C2-A266-E680D8F8D1EC}.Release|Any CPU.ActiveCfg = Release|Any CPU
		{5C22BD41-5DD4-45C2-A266-E680D8F8D1EC}.Release|Any CPU.Build.0 = Release|Any CPU
	EndGlobalSection
	GlobalSection(SolutionProperties) = preSolution
		HideSolutionNode = FALSE
	EndGlobalSection
EndGlobal
